// !$*UTF8*$!
{
	archiveVersion = 1;
	classes = {
	};
	objectVersion = 55;
	objects = {

/* Begin PBXBuildFile section */
		5BF322F7272ECD8B0062E38D /* main.m in Sources */ = {isa = PBXBuildFile; fileRef = 5BF322F6272ECD8B0062E38D /* main.m */; };
		5BF322FE272ECDB60062E38D /* add.metal in Sources */ = {isa = PBXBuildFile; fileRef = 5BF322FD272ECDB60062E38D /* add.metal */; };
		5BF32301272ECFC40062E38D /* MetalAdder.m in Sources */ = {isa = PBXBuildFile; fileRef = 5BF32300272ECFC40062E38D /* MetalAdder.m */; };
		5BF32309272EDE730062E38D /* main.swift in Sources */ = {isa = PBXBuildFile; fileRef = 5BF32308272EDE730062E38D /* main.swift */; };
		5BF3230E272EDEAC0062E38D /* add.metal in Sources */ = {isa = PBXBuildFile; fileRef = 5BF3230D272EDEAC0062E38D /* add.metal */; };
		5BF32310272EDF670062E38D /* MetalAdder.swift in Sources */ = {isa = PBXBuildFile; fileRef = 5BF3230F272EDF670062E38D /* MetalAdder.swift */; };
/* End PBXBuildFile section */

/* Begin PBXCopyFilesBuildPhase section */
		5BF322F1272ECD8B0062E38D /* CopyFiles */ = {
			isa = PBXCopyFilesBuildPhase;
			buildActionMask = 2147483647;
			dstPath = /usr/share/man/man1/;
			dstSubfolderSpec = 0;
			files = (
			);
			runOnlyForDeploymentPostprocessing = 1;
		};
		5BF32304272EDE730062E38D /* CopyFiles */ = {
			isa = PBXCopyFilesBuildPhase;
			buildActionMask = 2147483647;
			dstPath = /usr/share/man/man1/;
			dstSubfolderSpec = 0;
			files = (
			);
			runOnlyForDeploymentPostprocessing = 1;
		};
/* End PBXCopyFilesBuildPhase section */

/* Begin PBXFileReference section */
		5BF322F3272ECD8B0062E38D /* MetalTutorial */ = {isa = PBXFileReference; explicitFileType = "compiled.mach-o.executable"; includeInIndex = 0; path = MetalTutorial; sourceTree = BUILT_PRODUCTS_DIR; };
		5BF322F6272ECD8B0062E38D /* main.m */ = {isa = PBXFileReference; lastKnownFileType = sourcecode.c.objc; path = main.m; sourceTree = "<group>"; };
		5BF322FD272ECDB60062E38D /* add.metal */ = {isa = PBXFileReference; lastKnownFileType = sourcecode.metal; path = add.metal; sourceTree = "<group>"; };
		5BF322FF272ECF450062E38D /* MetalAdder.h */ = {isa = PBXFileReference; lastKnownFileType = sourcecode.c.h; path = MetalAdder.h; sourceTree = "<group>"; };
		5BF32300272ECFC40062E38D /* MetalAdder.m */ = {isa = PBXFileReference; lastKnownFileType = sourcecode.c.objc; path = MetalAdder.m; sourceTree = "<group>"; };
		5BF32306272EDE730062E38D /* MetalAdder-Swift */ = {isa = PBXFileReference; explicitFileType = "compiled.mach-o.executable"; includeInIndex = 0; path = "MetalAdder-Swift"; sourceTree = BUILT_PRODUCTS_DIR; };
		5BF32308272EDE730062E38D /* main.swift */ = {isa = PBXFileReference; lastKnownFileType = sourcecode.swift; path = main.swift; sourceTree = "<group>"; };
		5BF3230D272EDEAC0062E38D /* add.metal */ = {isa = PBXFileReference; lastKnownFileType = sourcecode.metal; path = add.metal; sourceTree = "<group>"; };
		5BF3230F272EDF670062E38D /* MetalAdder.swift */ = {isa = PBXFileReference; lastKnownFileType = sourcecode.swift; path = MetalAdder.swift; sourceTree = "<group>"; };
/* End PBXFileReference section */

/* Begin PBXFrameworksBuildPhase section */
		5BF322F0272ECD8B0062E38D /* Frameworks */ = {
			isa = PBXFrameworksBuildPhase;
			buildActionMask = 2147483647;
			files = (
			);
			runOnlyForDeploymentPostprocessing = 0;
		};
		5BF32303272EDE730062E38D /* Frameworks */ = {
			isa = PBXFrameworksBuildPhase;
			buildActionMask = 2147483647;
			files = (
			);
			runOnlyForDeploymentPostprocessing = 0;
		};
/* End PBXFrameworksBuildPhase section */

/* Begin PBXGroup section */
		5BF322EA272ECD8B0062E38D = {
			isa = PBXGroup;
			children = (
				5BF322F5272ECD8B0062E38D /* MetalAdder-ObjectiveC */,
				5BF32307272EDE730062E38D /* MetalAdder-Swift */,
				5BF322F4272ECD8B0062E38D /* Products */,
			);
			sourceTree = "<group>";
		};
		5BF322F4272ECD8B0062E38D /* Products */ = {
			isa = PBXGroup;
			children = (
				5BF322F3272ECD8B0062E38D /* MetalTutorial */,
				5BF32306272EDE730062E38D /* MetalAdder-Swift */,
			);
			name = Products;
			sourceTree = "<group>";
		};
		5BF322F5272ECD8B0062E38D /* MetalAdder-ObjectiveC */ = {
			isa = PBXGroup;
			children = (
				5BF322FD272ECDB60062E38D /* add.metal */,
				5BF322F6272ECD8B0062E38D /* main.m */,
				5BF322FF272ECF450062E38D /* MetalAdder.h */,
				5BF32300272ECFC40062E38D /* MetalAdder.m */,
			);
			path = "MetalAdder-ObjectiveC";
			sourceTree = "<group>";
		};
		5BF32307272EDE730062E38D /* MetalAdder-Swift */ = {
			isa = PBXGroup;
			children = (
				5BF32308272EDE730062E38D /* main.swift */,
				5BF3230D272EDEAC0062E38D /* add.metal */,
				5BF3230F272EDF670062E38D /* MetalAdder.swift */,
			);
			path = "MetalAdder-Swift";
			sourceTree = "<group>";
		};
/* End PBXGroup section */

/* Begin PBXNativeTarget section */
		5BF322F2272ECD8B0062E38D /* MetalTutorial */ = {
			isa = PBXNativeTarget;
			buildConfigurationList = 5BF322FA272ECD8B0062E38D /* Build configuration list for PBXNativeTarget "MetalTutorial" */;
			buildPhases = (
				5BF322EF272ECD8B0062E38D /* Sources */,
				5BF322F0272ECD8B0062E38D /* Frameworks */,
				5BF322F1272ECD8B0062E38D /* CopyFiles */,
			);
			buildRules = (
			);
			dependencies = (
			);
			name = MetalTutorial;
			productName = MetalTutorial;
			productReference = 5BF322F3272ECD8B0062E38D /* MetalTutorial */;
			productType = "com.apple.product-type.tool";
		};
		5BF32305272EDE730062E38D /* MetalAdder-Swift */ = {
			isa = PBXNativeTarget;
			buildConfigurationList = 5BF3230A272EDE730062E38D /* Build configuration list for PBXNativeTarget "MetalAdder-Swift" */;
			buildPhases = (
				5BF32302272EDE730062E38D /* Sources */,
				5BF32303272EDE730062E38D /* Frameworks */,
				5BF32304272EDE730062E38D /* CopyFiles */,
			);
			buildRules = (
			);
			dependencies = (
			);
			name = "MetalAdder-Swift";
			productName = "MetalAdder-Swift";
			productReference = 5BF32306272EDE730062E38D /* MetalAdder-Swift */;
			productType = "com.apple.product-type.tool";
		};
/* End PBXNativeTarget section */

/* Begin PBXProject section */
		5BF322EB272ECD8B0062E38D /* Project object */ = {
			isa = PBXProject;
			attributes = {
				BuildIndependentTargetsInParallel = 1;
				LastSwiftUpdateCheck = 1310;
				LastUpgradeCheck = 1310;
				TargetAttributes = {
					5BF322F2272ECD8B0062E38D = {
						CreatedOnToolsVersion = 13.1;
					};
					5BF32305272EDE730062E38D = {
						CreatedOnToolsVersion = 13.1;
					};
				};
			};
			buildConfigurationList = 5BF322EE272ECD8B0062E38D /* Build configuration list for PBXProject "MetalTutorial" */;
			compatibilityVersion = "Xcode 13.0";
			developmentRegion = en;
			hasScannedForEncodings = 0;
			knownRegions = (
				en,
				Base,
			);
			mainGroup = 5BF322EA272ECD8B0062E38D;
			productRefGroup = 5BF322F4272ECD8B0062E38D /* Products */;
			projectDirPath = "";
			projectRoot = "";
			targets = (
				5BF322F2272ECD8B0062E38D /* MetalTutorial */,
				5BF32305272EDE730062E38D /* MetalAdder-Swift */,
			);
		};
/* End PBXProject section */

/* Begin PBXSourcesBuildPhase section */
		5BF322EF272ECD8B0062E38D /* Sources */ = {
			isa = PBXSourcesBuildPhase;
			buildActionMask = 2147483647;
			files = (
				5BF32301272ECFC40062E38D /* MetalAdder.m in Sources */,
				5BF322F7272ECD8B0062E38D /* main.m in Sources */,
				5BF322FE272ECDB60062E38D /* add.metal in Sources */,
			);
			runOnlyForDeploymentPostprocessing = 0;
		};
		5BF32302272EDE730062E38D /* Sources */ = {
			isa = PBXSourcesBuildPhase;
			buildActionMask = 2147483647;
			files = (
				5BF32309272EDE730062E38D /* main.swift in Sources */,
				5BF3230E272EDEAC0062E38D /* add.metal in Sources */,
				5BF32310272EDF670062E38D /* MetalAdder.swift in Sources */,
			);
			runOnlyForDeploymentPostprocessing = 0;
		};
/* End PBXSourcesBuildPhase section */

/* Begin XCBuildConfiguration section */
		5BF322F8272ECD8B0062E38D /* Debug */ = {
			isa = XCBuildConfiguration;
			buildSettings = {
				ALWAYS_SEARCH_USER_PATHS = NO;
				CLANG_ANALYZER_NONNULL = YES;
				CLANG_ANALYZER_NUMBER_OBJECT_CONVERSION = YES_AGGRESSIVE;
				CLANG_CXX_LANGUAGE_STANDARD = "gnu++17";
				CLANG_CXX_LIBRARY = "libc++";
				CLANG_ENABLE_MODULES = YES;
				CLANG_ENABLE_OBJC_ARC = YES;
				CLANG_ENABLE_OBJC_WEAK = YES;
				CLANG_WARN_BLOCK_CAPTURE_AUTORELEASING = YES;
				CLANG_WARN_BOOL_CONVERSION = YES;
				CLANG_WARN_COMMA = YES;
				CLANG_WARN_CONSTANT_CONVERSION = YES;
				CLANG_WARN_DEPRECATED_OBJC_IMPLEMENTATIONS = YES;
				CLANG_WARN_DIRECT_OBJC_ISA_USAGE = YES_ERROR;
				CLANG_WARN_DOCUMENTATION_COMMENTS = YES;
				CLANG_WARN_EMPTY_BODY = YES;
				CLANG_WARN_ENUM_CONVERSION = YES;
				CLANG_WARN_INFINITE_RECURSION = YES;
				CLANG_WARN_INT_CONVERSION = YES;
				CLANG_WARN_NON_LITERAL_NULL_CONVERSION = YES;
				CLANG_WARN_OBJC_IMPLICIT_RETAIN_SELF = YES;
				CLANG_WARN_OBJC_LITERAL_CONVERSION = YES;
				CLANG_WARN_OBJC_ROOT_CLASS = YES_ERROR;
				CLANG_WARN_QUOTED_INCLUDE_IN_FRAMEWORK_HEADER = YES;
				CLANG_WARN_RANGE_LOOP_ANALYSIS = YES;
				CLANG_WARN_STRICT_PROTOTYPES = YES;
				CLANG_WARN_SUSPICIOUS_MOVE = YES;
				CLANG_WARN_UNGUARDED_AVAILABILITY = YES_AGGRESSIVE;
				CLANG_WARN_UNREACHABLE_CODE = YES;
				CLANG_WARN__DUPLICATE_METHOD_MATCH = YES;
				COPY_PHASE_STRIP = NO;
				DEBUG_INFORMATION_FORMAT = dwarf;
				ENABLE_STRICT_OBJC_MSGSEND = YES;
				ENABLE_TESTABILITY = YES;
				GCC_C_LANGUAGE_STANDARD = gnu11;
				GCC_DYNAMIC_NO_PIC = NO;
				GCC_NO_COMMON_BLOCKS = YES;
				GCC_OPTIMIZATION_LEVEL = 0;
				GCC_PREPROCESSOR_DEFINITIONS = (
					"DEBUG=1",
					"$(inherited)",
				);
				GCC_WARN_64_TO_32_BIT_CONVERSION = YES;
				GCC_WARN_ABOUT_RETURN_TYPE = YES_ERROR;
				GCC_WARN_UNDECLARED_SELECTOR = YES;
				GCC_WARN_UNINITIALIZED_AUTOS = YES_AGGRESSIVE;
				GCC_WARN_UNUSED_FUNCTION = YES;
				GCC_WARN_UNUSED_VARIABLE = YES;
				MACOSX_DEPLOYMENT_TARGET = 12.0;
				MTL_ENABLE_DEBUG_INFO = INCLUDE_SOURCE;
				MTL_FAST_MATH = YES;
				ONLY_ACTIVE_ARCH = YES;
				SDKROOT = macosx;
			};
			name = Debug;
		};
		5BF322F9272ECD8B0062E38D /* Release */ = {
			isa = XCBuildConfiguration;
			buildSettings = {
				ALWAYS_SEARCH_USER_PATHS = NO;
				CLANG_ANALYZER_NONNULL = YES;
				CLANG_ANALYZER_NUMBER_OBJECT_CONVERSION = YES_AGGRESSIVE;
				CLANG_CXX_LANGUAGE_STANDARD = "gnu++17";
				CLANG_CXX_LIBRARY = "libc++";
				CLANG_ENABLE_MODULES = YES;
				CLANG_ENABLE_OBJC_ARC = YES;
				CLANG_ENABLE_OBJC_WEAK = YES;
				CLANG_WARN_BLOCK_CAPTURE_AUTORELEASING = YES;
				CLANG_WARN_BOOL_CONVERSION = YES;
				CLANG_WARN_COMMA = YES;
				CLANG_WARN_CONSTANT_CONVERSION = YES;
				CLANG_WARN_DEPRECATED_OBJC_IMPLEMENTATIONS = YES;
				CLANG_WARN_DIRECT_OBJC_ISA_USAGE = YES_ERROR;
				CLANG_WARN_DOCUMENTATION_COMMENTS = YES;
				CLANG_WARN_EMPTY_BODY = YES;
				CLANG_WARN_ENUM_CONVERSION = YES;
				CLANG_WARN_INFINITE_RECURSION = YES;
				CLANG_WARN_INT_CONVERSION = YES;
				CLANG_WARN_NON_LITERAL_NULL_CONVERSION = YES;
				CLANG_WARN_OBJC_IMPLICIT_RETAIN_SELF = YES;
				CLANG_WARN_OBJC_LITERAL_CONVERSION = YES;
				CLANG_WARN_OBJC_ROOT_CLASS = YES_ERROR;
				CLANG_WARN_QUOTED_INCLUDE_IN_FRAMEWORK_HEADER = YES;
				CLANG_WARN_RANGE_LOOP_ANALYSIS = YES;
				CLANG_WARN_STRICT_PROTOTYPES = YES;
				CLANG_WARN_SUSPICIOUS_MOVE = YES;
				CLANG_WARN_UNGUARDED_AVAILABILITY = YES_AGGRESSIVE;
				CLANG_WARN_UNREACHABLE_CODE = YES;
				CLANG_WARN__DUPLICATE_METHOD_MATCH = YES;
				COPY_PHASE_STRIP = NO;
				DEBUG_INFORMATION_FORMAT = "dwarf-with-dsym";
				ENABLE_NS_ASSERTIONS = NO;
				ENABLE_STRICT_OBJC_MSGSEND = YES;
				GCC_C_LANGUAGE_STANDARD = gnu11;
				GCC_NO_COMMON_BLOCKS = YES;
				GCC_WARN_64_TO_32_BIT_CONVERSION = YES;
				GCC_WARN_ABOUT_RETURN_TYPE = YES_ERROR;
				GCC_WARN_UNDECLARED_SELECTOR = YES;
				GCC_WARN_UNINITIALIZED_AUTOS = YES_AGGRESSIVE;
				GCC_WARN_UNUSED_FUNCTION = YES;
				GCC_WARN_UNUSED_VARIABLE = YES;
				MACOSX_DEPLOYMENT_TARGET = 12.0;
				MTL_ENABLE_DEBUG_INFO = NO;
				MTL_FAST_MATH = YES;
				SDKROOT = macosx;
			};
			name = Release;
		};
		5BF322FB272ECD8B0062E38D /* Debug */ = {
			isa = XCBuildConfiguration;
			buildSettings = {
				CODE_SIGN_STYLE = Automatic;
				DEVELOPMENT_TEAM = B7AU7Z92MK;
				ENABLE_HARDENED_RUNTIME = YES;
				PRODUCT_NAME = "$(TARGET_NAME)";
			};
			name = Debug;
		};
		5BF322FC272ECD8B0062E38D /* Release */ = {
			isa = XCBuildConfiguration;
			buildSettings = {
				CODE_SIGN_STYLE = Automatic;
				DEVELOPMENT_TEAM = B7AU7Z92MK;
				ENABLE_HARDENED_RUNTIME = YES;
				PRODUCT_NAME = "$(TARGET_NAME)";
			};
			name = Release;
		};
		5BF3230B272EDE730062E38D /* Debug */ = {
			isa = XCBuildConfiguration;
			buildSettings = {
				CODE_SIGN_STYLE = Automatic;
				DEVELOPMENT_TEAM = B7AU7Z92MK;
				ENABLE_HARDENED_RUNTIME = YES;
				PRODUCT_NAME = "$(TARGET_NAME)";
				SWIFT_ACTIVE_COMPILATION_CONDITIONS = DEBUG;
				SWIFT_OPTIMIZATION_LEVEL = "-Onone";
				SWIFT_VERSION = 5.0;
			};
			name = Debug;
		};
		5BF3230C272EDE730062E38D /* Release */ = {
			isa = XCBuildConfiguration;
			buildSettings = {
				CODE_SIGN_STYLE = Automatic;
				DEVELOPMENT_TEAM = B7AU7Z92MK;
				ENABLE_HARDENED_RUNTIME = YES;
				PRODUCT_NAME = "$(TARGET_NAME)";
				SWIFT_COMPILATION_MODE = wholemodule;
				SWIFT_OPTIMIZATION_LEVEL = "-O";
				SWIFT_VERSION = 5.0;
			};
			name = Release;
		};
/* End XCBuildConfiguration section */

/* Begin XCConfigurationList section */
		5BF322EE272ECD8B0062E38D /* Build configuration list for PBXProject "MetalTutorial" */ = {
			isa = XCConfigurationList;
			buildConfigurations = (
				5BF322F8272ECD8B0062E38D /* Debug */,
				5BF322F9272ECD8B0062E38D /* Release */,
			);
			defaultConfigurationIsVisible = 0;
			defaultConfigurationName = Release;
		};
		5BF322FA272ECD8B0062E38D /* Build configuration list for PBXNativeTarget "MetalTutorial" */ = {
			isa = XCConfigurationList;
			buildConfigurations = (
				5BF322FB272ECD8B0062E38D /* Debug */,
				5BF322FC272ECD8B0062E38D /* Release */,
			);
			defaultConfigurationIsVisible = 0;
			defaultConfigurationName = Release;
		};
		5BF3230A272EDE730062E38D /* Build configuration list for PBXNativeTarget "MetalAdder-Swift" */ = {
			isa = XCConfigurationList;
			buildConfigurations = (
				5BF3230B272EDE730062E38D /* Debug */,
				5BF3230C272EDE730062E38D /* Release */,
			);
			defaultConfigurationIsVisible = 0;
			defaultConfigurationName = Release;
		};
/* End XCConfigurationList section */
	};
	rootObject = 5BF322EB272ECD8B0062E38D /* Project object */;
}
